
Microsoft Visual Studio Solution File, Format Version 12.00
# Visual Studio Version 16
VisualStudioVersion = 16.0.30011.22
MinimumVisualStudioVersion = 10.0.40219.1
Project("{FAE04EC0-301F-11D3-BF4B-00C04F79EFBC}") = "FigureHelper", "FigureHelper\FigureHelper.csproj", "{64F936C3-2AD8-44A9-BB23-3F0FB3F2512C}"
EndProject
Project("{2150E333-8FDC-42A3-9474-1A3956D46DE8}") = "Tests", "Tests", "{413D82AB-118E-4DE8-97C4-208B811640CA}"
EndProject
Project("{FAE04EC0-301F-11D3-BF4B-00C04F79EFBC}") = "FigureHelperTests", "FigureHelperTests\FigureHelperTests.csproj", "{280B7E23-7830-4664-89F5-6D4935661D28}"
	ProjectSection(ProjectDependencies) = postProject
		{64F936C3-2AD8-44A9-BB23-3F0FB3F2512C} = {64F936C3-2AD8-44A9-BB23-3F0FB3F2512C}
	EndProjectSection
EndProject
Global
	GlobalSection(SolutionConfigurationPlatforms) = preSolution
		Debug|Any CPU = Debug|Any CPU
		Release|Any CPU = Release|Any CPU
	EndGlobalSection
	GlobalSection(ProjectConfigurationPlatforms) = postSolution
		{64F936C3-2AD8-44A9-BB23-3F0FB3F2512C}.Debug|Any CPU.ActiveCfg = Debug|Any CPU
		{64F936C3-2AD8-44A9-BB23-3F0FB3F2512C}.Debug|Any CPU.Build.0 = Debug|Any CPU
		{64F936C3-2AD8-44A9-BB23-3F0FB3F2512C}.Release|Any CPU.ActiveCfg = Release|Any CPU
		{64F936C3-2AD8-44A9-BB23-3F0FB3F2512C}.Release|Any CPU.Build.0 = Release|Any CPU
		{280B7E23-7830-4664-89F5-6D4935661D28}.Debug|Any CPU.ActiveCfg = Debug|Any CPU
		{280B7E23-7830-4664-89F5-6D4935661D28}.Debug|Any CPU.Build.0 = Debug|Any CPU
		{280B7E23-7830-4664-89F5-6D4935661D28}.Release|Any CPU.ActiveCfg = Release|Any CPU
		{280B7E23-7830-4664-89F5-6D4935661D28}.Release|Any CPU.Build.0 = Release|Any CPU
	EndGlobalSection
	GlobalSection(SolutionProperties) = preSolution
		HideSolutionNode = FALSE
	EndGlobalSection
	GlobalSection(NestedProjects) = preSolution
		{280B7E23-7830-4664-89F5-6D4935661D28} = {413D82AB-118E-4DE8-97C4-208B811640CA}
	EndGlobalSection
	GlobalSection(ExtensibilityGlobals) = postSolution
		SolutionGuid = {6FA4224E-795E-49DF-8E99-286E9A05A45D}
	EndGlobalSection
EndGlobal
